
Microsoft Visual Studio Solution File, Format Version 12.00
# Visual Studio 14
VisualStudioVersion = 14.0.25123.0
MinimumVisualStudioVersion = 10.0.40219.1
Project("{FAE04EC0-301F-11D3-BF4B-00C04F79EFBC}") = "NullObjectPattern", "NullObjectPattern\NullObjectPattern.csproj", "{CB60F976-FDB9-4226-B12D-040836AA9205}"
EndProject
Global
	GlobalSection(SolutionConfigurationPlatforms) = preSolution
		Debug|Any CPU = Debug|Any CPU
		Release|Any CPU = Release|Any CPU
	EndGlobalSection
	GlobalSection(ProjectConfigurationPlatforms) = postSolution
		{CB60F976-FDB9-4226-B12D-040836AA9205}.Debug|Any CPU.ActiveCfg = Debug|Any CPU
		{CB60F976-FDB9-4226-B12D-040836AA9205}.Debug|Any CPU.Build.0 = Debug|Any CPU
		{CB60F976-FDB9-4226-B12D-040836AA9205}.Release|Any CPU.ActiveCfg = Release|Any CPU
		{CB60F976-FDB9-4226-B12D-040836AA9205}.Release|Any CPU.Build.0 = Release|Any CPU
	EndGlobalSection
	GlobalSection(SolutionProperties) = preSolution
		HideSolutionNode = FALSE
	EndGlobalSection
EndGlobal
